{
  "requires": true,
  "lockfileVersion": 1,
  "dependencies": {
    "epic-spinners": {
      "version": "1.1.0",
      "resolved": "https://registry.npmjs.org/epic-spinners/-/epic-spinners-1.1.0.tgz",
      "integrity": "sha512-nFyHmFuBFO6LpT37Xu68lQqKDYK50gXoZ6Yj/mpoS1Uslku0YkMtAGDzH8nbeFSiifAIoT1rUDB3S7e/ifnnxg=="
    },
    "vue": {
      "version": "2.3.3",
      "resolved": "https://registry.npmjs.org/vue/-/vue-2.3.3.tgz",
      "integrity": "sha1-0eqo/eUkBzWkVj508sf+rZy7Bkw="
    },
    "vue-paginate": {
      "version": "3.6.0",
      "resolved": "https://registry.npmjs.org/vue-paginate/-/vue-paginate-3.6.0.tgz",
      "integrity": "sha512-WEAI7K0JgGYF2svHnBEz7pzOBNtHRJTIdgD2iHb0AJDHztpgGJZEsqgjSmxd4cqXyyGXkXGRdLsnGN/pZImkiQ==",
      "requires": {
        "vue": "2.3.3"
      }
    }
  }
}
